{
    "name": "date-holidays-be-example",
    "version": "0.0.1",
    "lockfileVersion": 2,
    "requires": true,
    "packages": {
        "": {
            "name": "date-holidays-be-example",
            "version": "0.0.1",
            "license": "MIT",
            "dependencies": {
                "@itenium/date-holidays-be": "^1.0.0"
            }
        },
        "node_modules/@itenium/date-holidays-be": {
            "version": "1.0.0",
            "resolved": "https://registry.npmjs.org/@itenium/date-holidays-be/-/date-holidays-be-1.0.0.tgz",
            "integrity": "sha512-UBBtIyc53PcqxctKMLUuQa/CcXtRnleuj/EZUUMihGTVZT4UeIELrJiPU5S/ac/dv37Bh9mxh8Htm65HhgtQsA==",
            "engines": {
                "node": ">=10.13.0"
            }
        }
    },
    "dependencies": {
        "@itenium/date-holidays-be": {
            "version": "1.0.0",
            "resolved": "https://registry.npmjs.org/@itenium/date-holidays-be/-/date-holidays-be-1.0.0.tgz",
            "integrity": "sha512-UBBtIyc53PcqxctKMLUuQa/CcXtRnleuj/EZUUMihGTVZT4UeIELrJiPU5S/ac/dv37Bh9mxh8Htm65HhgtQsA=="
        }
    }
}
